// !$*UTF8*$!
{
	archiveVersion = 1;
	classes = {
	};
	objectVersion = 46;
	objects = {

/* Begin PBXBuildFile section */
		515DB6F41B5007F200687187 /* main.m in Sources */ = {isa = PBXBuildFile; fileRef = 515DB6F31B5007F200687187 /* main.m */; };
		515DB6F71B5007F200687187 /* AppDelegate.m in Sources */ = {isa = PBXBuildFile; fileRef = 515DB6F61B5007F200687187 /* AppDelegate.m */; };
		515DB6FD1B5007F200687187 /* Main.storyboard in Resources */ = {isa = PBXBuildFile; fileRef = 515DB6FB1B5007F200687187 /* Main.storyboard */; };
		515DB6FF1B5007F200687187 /* Images.xcassets in Resources */ = {isa = PBXBuildFile; fileRef = 515DB6FE1B5007F200687187 /* Images.xcassets */; };
		515DB7021B5007F200687187 /* LaunchScreen.xib in Resources */ = {isa = PBXBuildFile; fileRef = 515DB7001B5007F200687187 /* LaunchScreen.xib */; };
		515DB70E1B5007F200687187 /* BTNavigatorTests.m in Sources */ = {isa = PBXBuildFile; fileRef = 515DB70D1B5007F200687187 /* BTNavigatorTests.m */; };
		515DB7191B50094D00687187 /* BTMapViewController.m in Sources */ = {isa = PBXBuildFile; fileRef = 515DB7181B50094D00687187 /* BTMapViewController.m */; };
		515DB71C1B5009CB00687187 /* MapKit.framework in Frameworks */ = {isa = PBXBuildFile; fileRef = 515DB71B1B5009CB00687187 /* MapKit.framework */; };
		515DB7201B500A3C00687187 /* Constants.m in Sources */ = {isa = PBXBuildFile; fileRef = 515DB71F1B500A3C00687187 /* Constants.m */; };
		515DB72A1B503AFA00687187 /* BTAutoCompleteTableView.m in Sources */ = {isa = PBXBuildFile; fileRef = 515DB7291B503AFA00687187 /* BTAutoCompleteTableView.m */; };
/* End PBXBuildFile section */

/* Begin PBXContainerItemProxy section */
		515DB7081B5007F200687187 /* PBXContainerItemProxy */ = {
			isa = PBXContainerItemProxy;
			containerPortal = 515DB6E61B5007F200687187 /* Project object */;
			proxyType = 1;
			remoteGlobalIDString = 515DB6ED1B5007F200687187;
			remoteInfo = BTNavigator;
		};
/* End PBXContainerItemProxy section */

/* Begin PBXFileReference section */
		515DB6EE1B5007F200687187 /* BTNavigator.app */ = {isa = PBXFileReference; explicitFileType = wrapper.application; includeInIndex = 0; path = BTNavigator.app; sourceTree = BUILT_PRODUCTS_DIR; };
		515DB6F21B5007F200687187 /* Info.plist */ = {isa = PBXFileReference; lastKnownFileType = text.plist.xml; path = Info.plist; sourceTree = "<group>"; };
		515DB6F31B5007F200687187 /* main.m */ = {isa = PBXFileReference; lastKnownFileType = sourcecode.c.objc; path = main.m; sourceTree = "<group>"; };
		515DB6F51B5007F200687187 /* AppDelegate.h */ = {isa = PBXFileReference; lastKnownFileType = sourcecode.c.h; path = AppDelegate.h; sourceTree = "<group>"; };
		515DB6F61B5007F200687187 /* AppDelegate.m */ = {isa = PBXFileReference; lastKnownFileType = sourcecode.c.objc; path = AppDelegate.m; sourceTree = "<group>"; };
		515DB6FC1B5007F200687187 /* Base */ = {isa = PBXFileReference; lastKnownFileType = file.storyboard; name = Base; path = Base.lproj/Main.storyboard; sourceTree = "<group>"; };
		515DB6FE1B5007F200687187 /* Images.xcassets */ = {isa = PBXFileReference; lastKnownFileType = folder.assetcatalog; path = Images.xcassets; sourceTree = "<group>"; };
		515DB7011B5007F200687187 /* Base */ = {isa = PBXFileReference; lastKnownFileType = file.xib; name = Base; path = Base.lproj/LaunchScreen.xib; sourceTree = "<group>"; };
		515DB7071B5007F200687187 /* BTNavigatorTests.xctest */ = {isa = PBXFileReference; explicitFileType = wrapper.cfbundle; includeInIndex = 0; path = BTNavigatorTests.xctest; sourceTree = BUILT_PRODUCTS_DIR; };
		515DB70C1B5007F200687187 /* Info.plist */ = {isa = PBXFileReference; lastKnownFileType = text.plist.xml; path = Info.plist; sourceTree = "<group>"; };
		515DB70D1B5007F200687187 /* BTNavigatorTests.m */ = {isa = PBXFileReference; lastKnownFileType = sourcecode.c.objc; path = BTNavigatorTests.m; sourceTree = "<group>"; };
		515DB7171B50094D00687187 /* BTMapViewController.h */ = {isa = PBXFileReference; fileEncoding = 4; lastKnownFileType = sourcecode.c.h; name = BTMapViewController.h; path = ../ViewController/BTMapViewController.h; sourceTree = "<group>"; };
		515DB7181B50094D00687187 /* BTMapViewController.m */ = {isa = PBXFileReference; fileEncoding = 4; lastKnownFileType = sourcecode.c.objc; name = BTMapViewController.m; path = ../ViewController/BTMapViewController.m; sourceTree = "<group>"; };
		515DB71B1B5009CB00687187 /* MapKit.framework */ = {isa = PBXFileReference; lastKnownFileType = wrapper.framework; name = MapKit.framework; path = System/Library/Frameworks/MapKit.framework; sourceTree = SDKROOT; };
		515DB71E1B500A3C00687187 /* Constants.h */ = {isa = PBXFileReference; fileEncoding = 4; lastKnownFileType = sourcecode.c.h; name = Constants.h; path = Support/Constants.h; sourceTree = SOURCE_ROOT; };
		515DB71F1B500A3C00687187 /* Constants.m */ = {isa = PBXFileReference; fileEncoding = 4; lastKnownFileType = sourcecode.c.objc; name = Constants.m; path = Support/Constants.m; sourceTree = SOURCE_ROOT; };
		515DB7211B500B1100687187 /* BTNavigator-Prefix.pch */ = {isa = PBXFileReference; fileEncoding = 4; lastKnownFileType = sourcecode.c.h; path = "BTNavigator-Prefix.pch"; sourceTree = "<group>"; };
		515DB7281B503AFA00687187 /* BTAutoCompleteTableView.h */ = {isa = PBXFileReference; fileEncoding = 4; lastKnownFileType = sourcecode.c.h; name = BTAutoCompleteTableView.h; path = ViewController/BTAutoCompleteTableView.h; sourceTree = SOURCE_ROOT; };
		515DB7291B503AFA00687187 /* BTAutoCompleteTableView.m */ = {isa = PBXFileReference; fileEncoding = 4; lastKnownFileType = sourcecode.c.objc; name = BTAutoCompleteTableView.m; path = ViewController/BTAutoCompleteTableView.m; sourceTree = SOURCE_ROOT; };
/* End PBXFileReference section */

/* Begin PBXFrameworksBuildPhase section */
		515DB6EB1B5007F200687187 /* Frameworks */ = {
			isa = PBXFrameworksBuildPhase;
			buildActionMask = 2147483647;
			files = (
				515DB71C1B5009CB00687187 /* MapKit.framework in Frameworks */,
			);
			runOnlyForDeploymentPostprocessing = 0;
		};
		515DB7041B5007F200687187 /* Frameworks */ = {
			isa = PBXFrameworksBuildPhase;
			buildActionMask = 2147483647;
			files = (
			);
			runOnlyForDeploymentPostprocessing = 0;
		};
/* End PBXFrameworksBuildPhase section */

/* Begin PBXGroup section */
		515DB6E51B5007F200687187 = {
			isa = PBXGroup;
			children = (
				515DB71B1B5009CB00687187 /* MapKit.framework */,
				515DB6F01B5007F200687187 /* BTNavigator */,
				515DB70A1B5007F200687187 /* BTNavigatorTests */,
				515DB6EF1B5007F200687187 /* Products */,
			);
			sourceTree = "<group>";
		};
		515DB6EF1B5007F200687187 /* Products */ = {
			isa = PBXGroup;
			children = (
				515DB6EE1B5007F200687187 /* BTNavigator.app */,
				515DB7071B5007F200687187 /* BTNavigatorTests.xctest */,
			);
			name = Products;
			sourceTree = "<group>";
		};
		515DB6F01B5007F200687187 /* BTNavigator */ = {
			isa = PBXGroup;
			children = (
				515DB71D1B5009EE00687187 /* Support */,
				515DB71A1B50095500687187 /* ViewController */,
				515DB6F51B5007F200687187 /* AppDelegate.h */,
				515DB6F61B5007F200687187 /* AppDelegate.m */,
				515DB6FB1B5007F200687187 /* Main.storyboard */,
				515DB6FE1B5007F200687187 /* Images.xcassets */,
				515DB7001B5007F200687187 /* LaunchScreen.xib */,
				515DB6F11B5007F200687187 /* Supporting Files */,
			);
			path = BTNavigator;
			sourceTree = "<group>";
		};
		515DB6F11B5007F200687187 /* Supporting Files */ = {
			isa = PBXGroup;
			children = (
				515DB7211B500B1100687187 /* BTNavigator-Prefix.pch */,
				515DB6F21B5007F200687187 /* Info.plist */,
				515DB6F31B5007F200687187 /* main.m */,
			);
			name = "Supporting Files";
			sourceTree = "<group>";
		};
		515DB70A1B5007F200687187 /* BTNavigatorTests */ = {
			isa = PBXGroup;
			children = (
				515DB70D1B5007F200687187 /* BTNavigatorTests.m */,
				515DB70B1B5007F200687187 /* Supporting Files */,
			);
			path = BTNavigatorTests;
			sourceTree = "<group>";
		};
		515DB70B1B5007F200687187 /* Supporting Files */ = {
			isa = PBXGroup;
			children = (
				515DB70C1B5007F200687187 /* Info.plist */,
			);
			name = "Supporting Files";
			sourceTree = "<group>";
		};
		515DB71A1B50095500687187 /* ViewController */ = {
			isa = PBXGroup;
			children = (
				515DB7171B50094D00687187 /* BTMapViewController.h */,
				515DB7181B50094D00687187 /* BTMapViewController.m */,
				515DB7281B503AFA00687187 /* BTAutoCompleteTableView.h */,
				515DB7291B503AFA00687187 /* BTAutoCompleteTableView.m */,
			);
			name = ViewController;
			sourceTree = "<group>";
		};
		515DB71D1B5009EE00687187 /* Support */ = {
			isa = PBXGroup;
			children = (
				515DB71E1B500A3C00687187 /* Constants.h */,
				515DB71F1B500A3C00687187 /* Constants.m */,
			);
			name = Support;
			sourceTree = "<group>";
		};
/* End PBXGroup section */

/* Begin PBXNativeTarget section */
		515DB6ED1B5007F200687187 /* BTNavigator */ = {
			isa = PBXNativeTarget;
			buildConfigurationList = 515DB7111B5007F200687187 /* Build configuration list for PBXNativeTarget "BTNavigator" */;
			buildPhases = (
				515DB6EA1B5007F200687187 /* Sources */,
				515DB6EB1B5007F200687187 /* Frameworks */,
				515DB6EC1B5007F200687187 /* Resources */,
			);
			buildRules = (
			);
			dependencies = (
			);
			name = BTNavigator;
			productName = BTNavigator;
			productReference = 515DB6EE1B5007F200687187 /* BTNavigator.app */;
			productType = "com.apple.product-type.application";
		};
		515DB7061B5007F200687187 /* BTNavigatorTests */ = {
			isa = PBXNativeTarget;
			buildConfigurationList = 515DB7141B5007F200687187 /* Build configuration list for PBXNativeTarget "BTNavigatorTests" */;
			buildPhases = (
				515DB7031B5007F200687187 /* Sources */,
				515DB7041B5007F200687187 /* Frameworks */,
				515DB7051B5007F200687187 /* Resources */,
			);
			buildRules = (
			);
			dependencies = (
				515DB7091B5007F200687187 /* PBXTargetDependency */,
			);
			name = BTNavigatorTests;
			productName = BTNavigatorTests;
			productReference = 515DB7071B5007F200687187 /* BTNavigatorTests.xctest */;
			productType = "com.apple.product-type.bundle.unit-test";
		};
/* End PBXNativeTarget section */

/* Begin PBXProject section */
		515DB6E61B5007F200687187 /* Project object */ = {
			isa = PBXProject;
			attributes = {
				LastUpgradeCheck = 0640;
				ORGANIZATIONNAME = TDStudio;
				TargetAttributes = {
					515DB6ED1B5007F200687187 = {
						CreatedOnToolsVersion = 6.4;
					};
					515DB7061B5007F200687187 = {
						CreatedOnToolsVersion = 6.4;
						TestTargetID = 515DB6ED1B5007F200687187;
					};
				};
			};
			buildConfigurationList = 515DB6E91B5007F200687187 /* Build configuration list for PBXProject "BTNavigator" */;
			compatibilityVersion = "Xcode 3.2";
			developmentRegion = English;
			hasScannedForEncodings = 0;
			knownRegions = (
				en,
				Base,
			);
			mainGroup = 515DB6E51B5007F200687187;
			productRefGroup = 515DB6EF1B5007F200687187 /* Products */;
			projectDirPath = "";
			projectRoot = "";
			targets = (
				515DB6ED1B5007F200687187 /* BTNavigator */,
				515DB7061B5007F200687187 /* BTNavigatorTests */,
			);
		};
/* End PBXProject section */

/* Begin PBXResourcesBuildPhase section */
		515DB6EC1B5007F200687187 /* Resources */ = {
			isa = PBXResourcesBuildPhase;
			buildActionMask = 2147483647;
			files = (
				515DB6FD1B5007F200687187 /* Main.storyboard in Resources */,
				515DB7021B5007F200687187 /* LaunchScreen.xib in Resources */,
				515DB6FF1B5007F200687187 /* Images.xcassets in Resources */,
			);
			runOnlyForDeploymentPostprocessing = 0;
		};
		515DB7051B5007F200687187 /* Resources */ = {
			isa = PBXResourcesBuildPhase;
			buildActionMask = 2147483647;
			files = (
			);
			runOnlyForDeploymentPostprocessing = 0;
		};
/* End PBXResourcesBuildPhase section */

/* Begin PBXSourcesBuildPhase section */
		515DB6EA1B5007F200687187 /* Sources */ = {
			isa = PBXSourcesBuildPhase;
			buildActionMask = 2147483647;
			files = (
				515DB6F71B5007F200687187 /* AppDelegate.m in Sources */,
				515DB6F41B5007F200687187 /* main.m in Sources */,
				515DB7191B50094D00687187 /* BTMapViewController.m in Sources */,
				515DB72A1B503AFA00687187 /* BTAutoCompleteTableView.m in Sources */,
				515DB7201B500A3C00687187 /* Constants.m in Sources */,
			);
			runOnlyForDeploymentPostprocessing = 0;
		};
		515DB7031B5007F200687187 /* Sources */ = {
			isa = PBXSourcesBuildPhase;
			buildActionMask = 2147483647;
			files = (
				515DB70E1B5007F200687187 /* BTNavigatorTests.m in Sources */,
			);
			runOnlyForDeploymentPostprocessing = 0;
		};
/* End PBXSourcesBuildPhase section */

/* Begin PBXTargetDependency section */
		515DB7091B5007F200687187 /* PBXTargetDependency */ = {
			isa = PBXTargetDependency;
			target = 515DB6ED1B5007F200687187 /* BTNavigator */;
			targetProxy = 515DB7081B5007F200687187 /* PBXContainerItemProxy */;
		};
/* End PBXTargetDependency section */

/* Begin PBXVariantGroup section */
		515DB6FB1B5007F200687187 /* Main.storyboard */ = {
			isa = PBXVariantGroup;
			children = (
				515DB6FC1B5007F200687187 /* Base */,
			);
			name = Main.storyboard;
			sourceTree = "<group>";
		};
		515DB7001B5007F200687187 /* LaunchScreen.xib */ = {
			isa = PBXVariantGroup;
			children = (
				515DB7011B5007F200687187 /* Base */,
			);
			name = LaunchScreen.xib;
			sourceTree = "<group>";
		};
/* End PBXVariantGroup section */

/* Begin XCBuildConfiguration section */
		515DB70F1B5007F200687187 /* Debug */ = {
			isa = XCBuildConfiguration;
			buildSettings = {
				ALWAYS_SEARCH_USER_PATHS = NO;
				CLANG_CXX_LANGUAGE_STANDARD = "gnu++0x";
				CLANG_CXX_LIBRARY = "libc++";
				CLANG_ENABLE_MODULES = YES;
				CLANG_ENABLE_OBJC_ARC = YES;
				CLANG_WARN_BOOL_CONVERSION = YES;
				CLANG_WARN_CONSTANT_CONVERSION = YES;
				CLANG_WARN_DIRECT_OBJC_ISA_USAGE = YES_ERROR;
				CLANG_WARN_EMPTY_BODY = YES;
				CLANG_WARN_ENUM_CONVERSION = YES;
				CLANG_WARN_INT_CONVERSION = YES;
				CLANG_WARN_OBJC_ROOT_CLASS = YES_ERROR;
				CLANG_WARN_UNREACHABLE_CODE = YES;
				CLANG_WARN__DUPLICATE_METHOD_MATCH = YES;
				"CODE_SIGN_IDENTITY[sdk=iphoneos*]" = "iPhone Developer";
				COPY_PHASE_STRIP = NO;
				DEBUG_INFORMATION_FORMAT = "dwarf-with-dsym";
				ENABLE_STRICT_OBJC_MSGSEND = YES;
				GCC_C_LANGUAGE_STANDARD = gnu99;
				GCC_DYNAMIC_NO_PIC = NO;
				GCC_NO_COMMON_BLOCKS = YES;
				GCC_OPTIMIZATION_LEVEL = 0;
				GCC_PREPROCESSOR_DEFINITIONS = (
					"DEBUG=1",
					"$(inherited)",
				);
				GCC_SYMBOLS_PRIVATE_EXTERN = NO;
				GCC_WARN_64_TO_32_BIT_CONVERSION = YES;
				GCC_WARN_ABOUT_RETURN_TYPE = YES_ERROR;
				GCC_WARN_UNDECLARED_SELECTOR = YES;
				GCC_WARN_UNINITIALIZED_AUTOS = YES_AGGRESSIVE;
				GCC_WARN_UNUSED_FUNCTION = YES;
				GCC_WARN_UNUSED_VARIABLE = YES;
				IPHONEOS_DEPLOYMENT_TARGET = 8.4;
				MTL_ENABLE_DEBUG_INFO = YES;
				ONLY_ACTIVE_ARCH = YES;
				SDKROOT = iphoneos;
			};
			name = Debug;
		};
		515DB7101B5007F200687187 /* Release */ = {
			isa = XCBuildConfiguration;
			buildSettings = {
				ALWAYS_SEARCH_USER_PATHS = NO;
				CLANG_CXX_LANGUAGE_STANDARD = "gnu++0x";
				CLANG_CXX_LIBRARY = "libc++";
				CLANG_ENABLE_MODULES = YES;
				CLANG_ENABLE_OBJC_ARC = YES;
				CLANG_WARN_BOOL_CONVERSION = YES;
				CLANG_WARN_CONSTANT_CONVERSION = YES;
				CLANG_WARN_DIRECT_OBJC_ISA_USAGE = YES_ERROR;
				CLANG_WARN_EMPTY_BODY = YES;
				CLANG_WARN_ENUM_CONVERSION = YES;
				CLANG_WARN_INT_CONVERSION = YES;
				CLANG_WARN_OBJC_ROOT_CLASS = YES_ERROR;
				CLANG_WARN_UNREACHABLE_CODE = YES;
				CLANG_WARN__DUPLICATE_METHOD_MATCH = YES;
				"CODE_SIGN_IDENTITY[sdk=iphoneos*]" = "iPhone Developer";
				COPY_PHASE_STRIP = NO;
				DEBUG_INFORMATION_FORMAT = "dwarf-with-dsym";
				ENABLE_NS_ASSERTIONS = NO;
				ENABLE_STRICT_OBJC_MSGSEND = YES;
				GCC_C_LANGUAGE_STANDARD = gnu99;
				GCC_NO_COMMON_BLOCKS = YES;
				GCC_WARN_64_TO_32_BIT_CONVERSION = YES;
				GCC_WARN_ABOUT_RETURN_TYPE = YES_ERROR;
				GCC_WARN_UNDECLARED_SELECTOR = YES;
				GCC_WARN_UNINITIALIZED_AUTOS = YES_AGGRESSIVE;
				GCC_WARN_UNUSED_FUNCTION = YES;
				GCC_WARN_UNUSED_VARIABLE = YES;
				IPHONEOS_DEPLOYMENT_TARGET = 8.4;
				MTL_ENABLE_DEBUG_INFO = NO;
				SDKROOT = iphoneos;
				VALIDATE_PRODUCT = YES;
			};
			name = Release;
		};
		515DB7121B5007F200687187 /* Debug */ = {
			isa = XCBuildConfiguration;
			buildSettings = {
				ASSETCATALOG_COMPILER_APPICON_NAME = AppIcon;
				GCC_PREFIX_HEADER = "BTNavigator/BTNavigator-Prefix.pch";
				INFOPLIST_FILE = BTNavigator/Info.plist;
				IPHONEOS_DEPLOYMENT_TARGET = 7.0;
				LD_RUNPATH_SEARCH_PATHS = "$(inherited) @executable_path/Frameworks";
				PRODUCT_NAME = "$(TARGET_NAME)";
			};
			name = Debug;
		};
		515DB7131B5007F200687187 /* Release */ = {
			isa = XCBuildConfiguration;
			buildSettings = {
				ASSETCATALOG_COMPILER_APPICON_NAME = AppIcon;
				GCC_PREFIX_HEADER = "BTNavigator/BTNavigator-Prefix.pch";
				INFOPLIST_FILE = BTNavigator/Info.plist;
				IPHONEOS_DEPLOYMENT_TARGET = 7.0;
				LD_RUNPATH_SEARCH_PATHS = "$(inherited) @executable_path/Frameworks";
				PRODUCT_NAME = "$(TARGET_NAME)";
			};
			name = Release;
		};
		515DB7151B5007F200687187 /* Debug */ = {
			isa = XCBuildConfiguration;
			buildSettings = {
				BUNDLE_LOADER = "$(TEST_HOST)";
				FRAMEWORK_SEARCH_PATHS = (
					"$(SDKROOT)/Developer/Library/Frameworks",
					"$(inherited)",
				);
				GCC_PREPROCESSOR_DEFINITIONS = (
					"DEBUG=1",
					"$(inherited)",
				);
				INFOPLIST_FILE = BTNavigatorTests/Info.plist;
				LD_RUNPATH_SEARCH_PATHS = "$(inherited) @executable_path/Frameworks @loader_path/Frameworks";
				PRODUCT_NAME = "$(TARGET_NAME)";
				TEST_HOST = "$(BUILT_PRODUCTS_DIR)/BTNavigator.app/BTNavigator";
			};
			name = Debug;
		};
		515DB7161B5007F200687187 /* Release */ = {
			isa = XCBuildConfiguration;
			buildSettings = {
				BUNDLE_LOADER = "$(TEST_HOST)";
				FRAMEWORK_SEARCH_PATHS = (
					"$(SDKROOT)/Developer/Library/Frameworks",
					"$(inherited)",
				);
				INFOPLIST_FILE = BTNavigatorTests/Info.plist;
				LD_RUNPATH_SEARCH_PATHS = "$(inherited) @executable_path/Frameworks @loader_path/Frameworks";
				PRODUCT_NAME = "$(TARGET_NAME)";
				TEST_HOST = "$(BUILT_PRODUCTS_DIR)/BTNavigator.app/BTNavigator";
			};
			name = Release;
		};
/* End XCBuildConfiguration section */

/* Begin XCConfigurationList section */
		515DB6E91B5007F200687187 /* Build configuration list for PBXProject "BTNavigator" */ = {
			isa = XCConfigurationList;
			buildConfigurations = (
				515DB70F1B5007F200687187 /* Debug */,
				515DB7101B5007F200687187 /* Release */,
			);
			defaultConfigurationIsVisible = 0;
			defaultConfigurationName = Release;
		};
		515DB7111B5007F200687187 /* Build configuration list for PBXNativeTarget "BTNavigator" */ = {
			isa = XCConfigurationList;
			buildConfigurations = (
				515DB7121B5007F200687187 /* Debug */,
				515DB7131B5007F200687187 /* Release */,
			);
			defaultConfigurationIsVisible = 0;
			defaultConfigurationName = Release;
		};
		515DB7141B5007F200687187 /* Build configuration list for PBXNativeTarget "BTNavigatorTests" */ = {
			isa = XCConfigurationList;
			buildConfigurations = (
				515DB7151B5007F200687187 /* Debug */,
				515DB7161B5007F200687187 /* Release */,
			);
			defaultConfigurationIsVisible = 0;
			defaultConfigurationName = Release;
		};
/* End XCConfigurationList section */
	};
	rootObject = 515DB6E61B5007F200687187 /* Project object */;
}
